{
  "version": 4,
  "terraform_version": "1.7.3",
  "serial": 21,
  "lineage": "c3e5e592-5484-18b4-abdf-1736b765f05d",
  "outputs": {},
  "resources": [
    {
      "module": "module.vm",
      "mode": "data",
      "type": "template_file",
      "name": "network_config",
      "provider": "provider[\"registry.terraform.io/hashicorp/template\"]",
      "instances": [
        {
          "schema_version": 0,
          "attributes": {
            "filename": null,
            "id": "bab5ced171f7c6bc719691e20e79e3e2b135f9ca6bb9a5014e9aaec3011806a8",
            "rendered": "version: 2\nethernets:\n  ens3:\n     dhcp4: true\n",
            "template": "version: 2\nethernets:\n  ens3:\n     dhcp4: true\n",
            "vars": null
          },
          "sensitive_attributes": []
        }
      ]
    },
    {
      "module": "module.vm",
      "mode": "data",
      "type": "template_file",
      "name": "user_data",
      "provider": "provider[\"registry.terraform.io/hashicorp/template\"]",
      "instances": [
        {
          "schema_version": 0,
          "attributes": {
            "filename": null,
            "id": "07c36ecf33f3600d9874097e42466714ce792775739547f3ef80f6b0ca6899e8",
            "rendered": "#cloud-config\nhostname: swarm-lab-pleasantly-clever-lionfish\nmanage_etc_hosts: true\nusers:\n  - name: ahag\n    sudo: ALL=(ALL) NOPASSWD:ALL\n    groups: users, admin\n    home: /home/ahag\n    shell: /bin/bash\n    ssh-authorized-keys:\n      - ssh-rsa AAAAB3NzaC1yc2EAAAADAQABAAABgQDEnuEI7e1bamP5idl+FfAnaejc4tYltXjHHmpzRSt+piUAUzF0wwt7/CnruKkntiPCJay1kcaPn2fq0bb3ocPanqfsOWq3XGWkHBQiyO0rQWcmDn9kqoTyki1vQgKWy4b8E+i+/R60rgM1cM158+6u+s9XBpyYEcvtGPTl2G6+MsSauiiTvmW7WRq4ekzrZ1BFy9xySPUuWqjTXDwYVZ6YHNgqSOTIDPpHsFODMMLCE2+BSEWW6krprJQJxtYr8ve/dPjGJiyjIfnvresMnSsWE5aszgPbSvhYyF2DqS1l4y1JqC0Y15dPTlOK1waY8pD1KTKIy3Q1rUr2CRkyJbDcCTj9JXqXIle+yrppmFZ2r8I3Hyj0e+84tx69vFV4S1Itl3DR6pkHK8TVJJkI0wj+HMfpZOGBtVKyA2MmJDKUQkSIRJkM+ScSltUh8cmEPAy3Gx3Tx2vLj7U2mieUAD7HIJwBk/ms7FT2eYKDtznHTW6NwQ2RAFVvpN8izkxheFk= ahag@zahaco.local\nssh_pwauth: True\ndisable_root: false\nchpasswd:\n  list: |\n     root: iamroot\n     ahag:linux\n  expire: False\npackage_update: true\npackage_upgrade: true\npackages:\n    - qemu-guest-agent\n    - apt-transport-https\n    - ca-certificates\n    - curl\n    - gnupg-agent\n    - software-properties-common\n    - zsh\ngrowpart:\n  mode: auto\n  devices: ['/']\nruncmd:\n  - [ sh, -c, 'curl -fsSL https://download.docker.com/linux/ubuntu/gpg | sudo apt-key add -' ]\n  - [ sh, -c, 'sudo apt-key fingerprint 0EBFCD88']\n  - [ sh, -c, 'sudo add-apt-repository \"deb [arch=amd64] https://download.docker.com/linux/ubuntu $(lsb_release -cs) stable\"' ]\n  - [ sh, -c, 'sudo apt-add-repository ppa:ansible/ansible' ]\n  - [ sh, -c, 'sudo apt update' ]\n  - [ sh, -c, 'sudo apt install -y docker-ce docker-ce-cli containerd.io ansible' ]\n  - [ sh, -c, 'sudo usermod -aG docker ahag' ]\n \n",
            "template": "#cloud-config\nhostname: ${hostname}\nmanage_etc_hosts: true\nusers:\n  - name: ${VM_USER}\n    sudo: ALL=(ALL) NOPASSWD:ALL\n    groups: users, admin\n    home: /home/${VM_USER}\n    shell: /bin/bash\n    ssh-authorized-keys:\n      - ssh-rsa AAAAB3NzaC1yc2EAAAADAQABAAABgQDEnuEI7e1bamP5idl+FfAnaejc4tYltXjHHmpzRSt+piUAUzF0wwt7/CnruKkntiPCJay1kcaPn2fq0bb3ocPanqfsOWq3XGWkHBQiyO0rQWcmDn9kqoTyki1vQgKWy4b8E+i+/R60rgM1cM158+6u+s9XBpyYEcvtGPTl2G6+MsSauiiTvmW7WRq4ekzrZ1BFy9xySPUuWqjTXDwYVZ6YHNgqSOTIDPpHsFODMMLCE2+BSEWW6krprJQJxtYr8ve/dPjGJiyjIfnvresMnSsWE5aszgPbSvhYyF2DqS1l4y1JqC0Y15dPTlOK1waY8pD1KTKIy3Q1rUr2CRkyJbDcCTj9JXqXIle+yrppmFZ2r8I3Hyj0e+84tx69vFV4S1Itl3DR6pkHK8TVJJkI0wj+HMfpZOGBtVKyA2MmJDKUQkSIRJkM+ScSltUh8cmEPAy3Gx3Tx2vLj7U2mieUAD7HIJwBk/ms7FT2eYKDtznHTW6NwQ2RAFVvpN8izkxheFk= ahag@zahaco.local\nssh_pwauth: True\ndisable_root: false\nchpasswd:\n  list: |\n     root: iamroot\n     ${VM_USER}:linux\n  expire: False\npackage_update: true\npackage_upgrade: true\npackages:\n    - qemu-guest-agent\n    - apt-transport-https\n    - ca-certificates\n    - curl\n    - gnupg-agent\n    - software-properties-common\n    - zsh\ngrowpart:\n  mode: auto\n  devices: ['/']\nruncmd:\n  - [ sh, -c, 'curl -fsSL https://download.docker.com/linux/ubuntu/gpg | sudo apt-key add -' ]\n  - [ sh, -c, 'sudo apt-key fingerprint 0EBFCD88']\n  - [ sh, -c, 'sudo add-apt-repository \"deb [arch=amd64] https://download.docker.com/linux/ubuntu $(lsb_release -cs) stable\"' ]\n  - [ sh, -c, 'sudo apt-add-repository ppa:ansible/ansible' ]\n  - [ sh, -c, 'sudo apt update' ]\n  - [ sh, -c, 'sudo apt install -y docker-ce docker-ce-cli containerd.io ansible' ]\n  - [ sh, -c, 'sudo usermod -aG docker ${VM_USER}' ]\n \n",
            "vars": {
              "VM_USER": "ahag",
              "hostname": "swarm-lab-pleasantly-clever-lionfish"
            }
          },
          "sensitive_attributes": []
        }
      ]
    },
    {
      "module": "module.vm",
      "mode": "managed",
      "type": "libvirt_cloudinit_disk",
      "name": "cloudinit",
      "provider": "provider[\"registry.terraform.io/dmacvicar/libvirt\"].system",
      "instances": [
        {
          "schema_version": 0,
          "attributes": {
            "id": "/opt/vms/terraform-swarm-lab-libvirt-pool-ubuntu/swarm-lab_cloudinit.iso;83280354-f84c-460a-8313-b7a66f1ef9b1",
            "meta_data": "",
            "name": "swarm-lab_cloudinit.iso",
            "network_config": "version: 2\nethernets:\n  ens3:\n     dhcp4: true\n",
            "pool": "swarm-lab_pool",
            "user_data": "#cloud-config\nhostname: swarm-lab-pleasantly-clever-lionfish\nmanage_etc_hosts: true\nusers:\n  - name: ahag\n    sudo: ALL=(ALL) NOPASSWD:ALL\n    groups: users, admin\n    home: /home/ahag\n    shell: /bin/bash\n    ssh-authorized-keys:\n      - ssh-rsa AAAAB3NzaC1yc2EAAAADAQABAAABgQDEnuEI7e1bamP5idl+FfAnaejc4tYltXjHHmpzRSt+piUAUzF0wwt7/CnruKkntiPCJay1kcaPn2fq0bb3ocPanqfsOWq3XGWkHBQiyO0rQWcmDn9kqoTyki1vQgKWy4b8E+i+/R60rgM1cM158+6u+s9XBpyYEcvtGPTl2G6+MsSauiiTvmW7WRq4ekzrZ1BFy9xySPUuWqjTXDwYVZ6YHNgqSOTIDPpHsFODMMLCE2+BSEWW6krprJQJxtYr8ve/dPjGJiyjIfnvresMnSsWE5aszgPbSvhYyF2DqS1l4y1JqC0Y15dPTlOK1waY8pD1KTKIy3Q1rUr2CRkyJbDcCTj9JXqXIle+yrppmFZ2r8I3Hyj0e+84tx69vFV4S1Itl3DR6pkHK8TVJJkI0wj+HMfpZOGBtVKyA2MmJDKUQkSIRJkM+ScSltUh8cmEPAy3Gx3Tx2vLj7U2mieUAD7HIJwBk/ms7FT2eYKDtznHTW6NwQ2RAFVvpN8izkxheFk= ahag@zahaco.local\nssh_pwauth: True\ndisable_root: false\nchpasswd:\n  list: |\n     root: iamroot\n     ahag:linux\n  expire: False\npackage_update: true\npackage_upgrade: true\npackages:\n    - qemu-guest-agent\n    - apt-transport-https\n    - ca-certificates\n    - curl\n    - gnupg-agent\n    - software-properties-common\n    - zsh\ngrowpart:\n  mode: auto\n  devices: ['/']\nruncmd:\n  - [ sh, -c, 'curl -fsSL https://download.docker.com/linux/ubuntu/gpg | sudo apt-key add -' ]\n  - [ sh, -c, 'sudo apt-key fingerprint 0EBFCD88']\n  - [ sh, -c, 'sudo add-apt-repository \"deb [arch=amd64] https://download.docker.com/linux/ubuntu $(lsb_release -cs) stable\"' ]\n  - [ sh, -c, 'sudo apt-add-repository ppa:ansible/ansible' ]\n  - [ sh, -c, 'sudo apt update' ]\n  - [ sh, -c, 'sudo apt install -y docker-ce docker-ce-cli containerd.io ansible' ]\n  - [ sh, -c, 'sudo usermod -aG docker ahag' ]\n \n"
          },
          "sensitive_attributes": [],
          "private": "bnVsbA==",
          "dependencies": [
            "module.vm.data.template_file.network_config",
            "module.vm.data.template_file.user_data",
            "module.vm.libvirt_pool.vm",
            "module.vm.random_pet.vm_name"
          ]
        }
      ]
    },
    {
      "module": "module.vm",
      "mode": "managed",
      "type": "libvirt_domain",
      "name": "vm",
      "provider": "provider[\"registry.terraform.io/dmacvicar/libvirt\"].system",
      "instances": [
        {
          "index_key": 0,
          "schema_version": 0,
          "attributes": {
            "arch": "x86_64",
            "autostart": false,
            "boot_device": [],
            "cloudinit": "/opt/vms/terraform-swarm-lab-libvirt-pool-ubuntu/swarm-lab_cloudinit.iso;83280354-f84c-460a-8313-b7a66f1ef9b1",
            "cmdline": [],
            "console": [
              {
                "source_host": "127.0.0.1",
                "source_path": "",
                "source_service": "0",
                "target_port": "0",
                "target_type": "serial",
                "type": "pty"
              },
              {
                "source_host": "127.0.0.1",
                "source_path": "",
                "source_service": "0",
                "target_port": "1",
                "target_type": "virtio",
                "type": "pty"
              }
            ],
            "coreos_ignition": null,
            "cpu": [
              {
                "mode": "custom"
              }
            ],
            "description": "",
            "disk": [
              {
                "block_device": "",
                "file": "",
                "scsi": false,
                "url": "",
                "volume_id": "/opt/vms/terraform-swarm-lab-libvirt-pool-ubuntu/swarm-lab-0_volume.qcow2",
                "wwn": ""
              }
            ],
            "emulator": "/usr/bin/qemu-system-x86_64",
            "filesystem": [],
            "firmware": null,
            "fw_cfg_name": "opt/com.coreos/config",
            "graphics": [
              {
                "autoport": true,
                "listen_address": "127.0.0.1",
                "listen_type": "address",
                "type": "spice",
                "websocket": 0
              }
            ],
            "id": "12873764-f5c7-4cb9-b486-9535bd073a0f",
            "initrd": "",
            "kernel": "",
            "machine": "ubuntu",
            "memory": 4096,
            "metadata": null,
            "name": "swarm-lab-0-ldsrgt",
            "network_interface": [
              {
                "addresses": [
                  "10.10.99.199"
                ],
                "bridge": "",
                "hostname": "",
                "mac": "52:54:00:3A:AC:DE",
                "macvtap": "",
                "network_id": "ae5a2487-c813-40e3-93ad-0f50895dce87",
                "network_name": "swarm-lab_network",
                "passthrough": "",
                "vepa": "",
                "wait_for_lease": false
              }
            ],
            "nvram": [],
            "qemu_agent": false,
            "running": true,
            "timeouts": null,
            "tpm": [],
            "type": "kvm",
            "vcpu": 2,
            "video": [],
            "xml": []
          },
          "sensitive_attributes": [],
          "private": "eyJlMmJmYjczMC1lY2FhLTExZTYtOGY4OC0zNDM2M2JjN2M0YzAiOnsiY3JlYXRlIjozMDAwMDAwMDAwMDB9fQ==",
          "dependencies": [
            "module.vm.data.template_file.network_config",
            "module.vm.data.template_file.user_data",
            "module.vm.libvirt_cloudinit_disk.cloudinit",
            "module.vm.libvirt_network.vm_public_network",
            "module.vm.libvirt_pool.vm",
            "module.vm.libvirt_volume.base",
            "module.vm.libvirt_volume.vm",
            "module.vm.random_pet.vm_name",
            "module.vm.random_string.vm-name"
          ]
        },
        {
          "index_key": 1,
          "schema_version": 0,
          "attributes": {
            "arch": "x86_64",
            "autostart": false,
            "boot_device": [],
            "cloudinit": "/opt/vms/terraform-swarm-lab-libvirt-pool-ubuntu/swarm-lab_cloudinit.iso;83280354-f84c-460a-8313-b7a66f1ef9b1",
            "cmdline": [],
            "console": [
              {
                "source_host": "127.0.0.1",
                "source_path": "",
                "source_service": "0",
                "target_port": "0",
                "target_type": "serial",
                "type": "pty"
              },
              {
                "source_host": "127.0.0.1",
                "source_path": "",
                "source_service": "0",
                "target_port": "1",
                "target_type": "virtio",
                "type": "pty"
              }
            ],
            "coreos_ignition": null,
            "cpu": [
              {
                "mode": "custom"
              }
            ],
            "description": "",
            "disk": [
              {
                "block_device": "",
                "file": "",
                "scsi": false,
                "url": "",
                "volume_id": "/opt/vms/terraform-swarm-lab-libvirt-pool-ubuntu/swarm-lab-1_volume.qcow2",
                "wwn": ""
              }
            ],
            "emulator": "/usr/bin/qemu-system-x86_64",
            "filesystem": [],
            "firmware": null,
            "fw_cfg_name": "opt/com.coreos/config",
            "graphics": [
              {
                "autoport": true,
                "listen_address": "127.0.0.1",
                "listen_type": "address",
                "type": "spice",
                "websocket": 0
              }
            ],
            "id": "f78c0bd8-d935-4269-931f-ccb855704331",
            "initrd": "",
            "kernel": "",
            "machine": "ubuntu",
            "memory": 4096,
            "metadata": null,
            "name": "swarm-lab-1-ldsrgt",
            "network_interface": [
              {
                "addresses": [
                  "10.10.99.22"
                ],
                "bridge": "",
                "hostname": "",
                "mac": "52:54:00:DE:19:23",
                "macvtap": "",
                "network_id": "ae5a2487-c813-40e3-93ad-0f50895dce87",
                "network_name": "swarm-lab_network",
                "passthrough": "",
                "vepa": "",
                "wait_for_lease": false
              }
            ],
            "nvram": [],
            "qemu_agent": false,
            "running": true,
            "timeouts": null,
            "tpm": [],
            "type": "kvm",
            "vcpu": 2,
            "video": [],
            "xml": []
          },
          "sensitive_attributes": [],
          "private": "eyJlMmJmYjczMC1lY2FhLTExZTYtOGY4OC0zNDM2M2JjN2M0YzAiOnsiY3JlYXRlIjozMDAwMDAwMDAwMDB9fQ==",
          "dependencies": [
            "module.vm.data.template_file.network_config",
            "module.vm.data.template_file.user_data",
            "module.vm.libvirt_cloudinit_disk.cloudinit",
            "module.vm.libvirt_network.vm_public_network",
            "module.vm.libvirt_pool.vm",
            "module.vm.libvirt_volume.base",
            "module.vm.libvirt_volume.vm",
            "module.vm.random_pet.vm_name",
            "module.vm.random_string.vm-name"
          ]
        },
        {
          "index_key": 2,
          "schema_version": 0,
          "attributes": {
            "arch": "x86_64",
            "autostart": false,
            "boot_device": [],
            "cloudinit": "/opt/vms/terraform-swarm-lab-libvirt-pool-ubuntu/swarm-lab_cloudinit.iso;83280354-f84c-460a-8313-b7a66f1ef9b1",
            "cmdline": [],
            "console": [
              {
                "source_host": "127.0.0.1",
                "source_path": "",
                "source_service": "0",
                "target_port": "0",
                "target_type": "serial",
                "type": "pty"
              },
              {
                "source_host": "127.0.0.1",
                "source_path": "",
                "source_service": "0",
                "target_port": "1",
                "target_type": "virtio",
                "type": "pty"
              }
            ],
            "coreos_ignition": null,
            "cpu": [
              {
                "mode": "custom"
              }
            ],
            "description": "",
            "disk": [
              {
                "block_device": "",
                "file": "",
                "scsi": false,
                "url": "",
                "volume_id": "/opt/vms/terraform-swarm-lab-libvirt-pool-ubuntu/swarm-lab-2_volume.qcow2",
                "wwn": ""
              }
            ],
            "emulator": "/usr/bin/qemu-system-x86_64",
            "filesystem": [],
            "firmware": null,
            "fw_cfg_name": "opt/com.coreos/config",
            "graphics": [
              {
                "autoport": true,
                "listen_address": "127.0.0.1",
                "listen_type": "address",
                "type": "spice",
                "websocket": 0
              }
            ],
            "id": "8204f72b-d92c-4bb3-ab56-3ed7223e8f59",
            "initrd": "",
            "kernel": "",
            "machine": "ubuntu",
            "memory": 4096,
            "metadata": null,
            "name": "swarm-lab-2-ldsrgt",
            "network_interface": [
              {
                "addresses": [
                  "10.10.99.169"
                ],
                "bridge": "",
                "hostname": "",
                "mac": "52:54:00:F2:B9:C7",
                "macvtap": "",
                "network_id": "ae5a2487-c813-40e3-93ad-0f50895dce87",
                "network_name": "swarm-lab_network",
                "passthrough": "",
                "vepa": "",
                "wait_for_lease": false
              }
            ],
            "nvram": [],
            "qemu_agent": false,
            "running": true,
            "timeouts": null,
            "tpm": [],
            "type": "kvm",
            "vcpu": 2,
            "video": [],
            "xml": []
          },
          "sensitive_attributes": [],
          "private": "eyJlMmJmYjczMC1lY2FhLTExZTYtOGY4OC0zNDM2M2JjN2M0YzAiOnsiY3JlYXRlIjozMDAwMDAwMDAwMDB9fQ==",
          "dependencies": [
            "module.vm.data.template_file.network_config",
            "module.vm.data.template_file.user_data",
            "module.vm.libvirt_cloudinit_disk.cloudinit",
            "module.vm.libvirt_network.vm_public_network",
            "module.vm.libvirt_pool.vm",
            "module.vm.libvirt_volume.base",
            "module.vm.libvirt_volume.vm",
            "module.vm.random_pet.vm_name",
            "module.vm.random_string.vm-name"
          ]
        },
        {
          "index_key": 3,
          "schema_version": 0,
          "attributes": {
            "arch": "x86_64",
            "autostart": false,
            "boot_device": [],
            "cloudinit": "/opt/vms/terraform-swarm-lab-libvirt-pool-ubuntu/swarm-lab_cloudinit.iso;83280354-f84c-460a-8313-b7a66f1ef9b1",
            "cmdline": [],
            "console": [
              {
                "source_host": "127.0.0.1",
                "source_path": "",
                "source_service": "0",
                "target_port": "0",
                "target_type": "serial",
                "type": "pty"
              },
              {
                "source_host": "127.0.0.1",
                "source_path": "",
                "source_service": "0",
                "target_port": "1",
                "target_type": "virtio",
                "type": "pty"
              }
            ],
            "coreos_ignition": null,
            "cpu": [
              {
                "mode": "custom"
              }
            ],
            "description": "",
            "disk": [
              {
                "block_device": "",
                "file": "",
                "scsi": false,
                "url": "",
                "volume_id": "/opt/vms/terraform-swarm-lab-libvirt-pool-ubuntu/swarm-lab-3_volume.qcow2",
                "wwn": ""
              }
            ],
            "emulator": "/usr/bin/qemu-system-x86_64",
            "filesystem": [],
            "firmware": null,
            "fw_cfg_name": "opt/com.coreos/config",
            "graphics": [
              {
                "autoport": true,
                "listen_address": "127.0.0.1",
                "listen_type": "address",
                "type": "spice",
                "websocket": 0
              }
            ],
            "id": "a2564c99-765e-4058-835a-f462b2be09aa",
            "initrd": "",
            "kernel": "",
            "machine": "ubuntu",
            "memory": 4096,
            "metadata": null,
            "name": "swarm-lab-3-ldsrgt",
            "network_interface": [
              {
                "addresses": [
                  "10.10.99.37"
                ],
                "bridge": "",
                "hostname": "",
                "mac": "52:54:00:22:3E:9D",
                "macvtap": "",
                "network_id": "ae5a2487-c813-40e3-93ad-0f50895dce87",
                "network_name": "swarm-lab_network",
                "passthrough": "",
                "vepa": "",
                "wait_for_lease": false
              }
            ],
            "nvram": [],
            "qemu_agent": false,
            "running": true,
            "timeouts": null,
            "tpm": [],
            "type": "kvm",
            "vcpu": 2,
            "video": [],
            "xml": []
          },
          "sensitive_attributes": [],
          "private": "eyJlMmJmYjczMC1lY2FhLTExZTYtOGY4OC0zNDM2M2JjN2M0YzAiOnsiY3JlYXRlIjozMDAwMDAwMDAwMDB9fQ==",
          "dependencies": [
            "module.vm.data.template_file.network_config",
            "module.vm.data.template_file.user_data",
            "module.vm.libvirt_cloudinit_disk.cloudinit",
            "module.vm.libvirt_network.vm_public_network",
            "module.vm.libvirt_pool.vm",
            "module.vm.libvirt_volume.base",
            "module.vm.libvirt_volume.vm",
            "module.vm.random_pet.vm_name",
            "module.vm.random_string.vm-name"
          ]
        }
      ]
    },
    {
      "module": "module.vm",
      "mode": "managed",
      "type": "libvirt_network",
      "name": "vm_public_network",
      "provider": "provider[\"registry.terraform.io/dmacvicar/libvirt\"].system",
      "instances": [
        {
          "schema_version": 0,
          "attributes": {
            "addresses": [
              "10.10.99.0/24"
            ],
            "autostart": false,
            "bridge": "virbr3",
            "dhcp": [
              {
                "enabled": true
              }
            ],
            "dns": [
              {
                "enabled": true,
                "forwarders": [],
                "hosts": [],
                "local_only": false,
                "srvs": []
              }
            ],
            "dnsmasq_options": [],
            "domain": "swarm-lab.local",
            "id": "ae5a2487-c813-40e3-93ad-0f50895dce87",
            "mode": "nat",
            "mtu": null,
            "name": "swarm-lab_network",
            "routes": [],
            "xml": []
          },
          "sensitive_attributes": [],
          "private": "bnVsbA=="
        }
      ]
    },
    {
      "module": "module.vm",
      "mode": "managed",
      "type": "libvirt_pool",
      "name": "vm",
      "provider": "provider[\"registry.terraform.io/dmacvicar/libvirt\"].system",
      "instances": [
        {
          "schema_version": 0,
          "attributes": {
            "allocation": 384016306176,
            "available": 1578411053056,
            "capacity": 1962427359232,
            "id": "dd927c54-1a14-404f-ab45-5f5cd45b6ed8",
            "name": "swarm-lab_pool",
            "path": "/opt/vms/terraform-swarm-lab-libvirt-pool-ubuntu",
            "type": "dir",
            "xml": []
          },
          "sensitive_attributes": [],
          "private": "bnVsbA=="
        }
      ]
    },
    {
      "module": "module.vm",
      "mode": "managed",
      "type": "libvirt_volume",
      "name": "base",
      "provider": "provider[\"registry.terraform.io/dmacvicar/libvirt\"].system",
      "instances": [
        {
          "schema_version": 0,
          "attributes": {
            "base_volume_id": null,
            "base_volume_name": null,
            "base_volume_pool": null,
            "format": "qcow2",
            "id": "/opt/vms/terraform-swarm-lab-libvirt-pool-ubuntu/ubuntu-base",
            "name": "ubuntu-base",
            "pool": "swarm-lab_pool",
            "size": 2361393152,
            "source": "https://cloud-images.ubuntu.com/releases/22.04/release-20231211/ubuntu-22.04-server-cloudimg-amd64.img",
            "xml": []
          },
          "sensitive_attributes": [],
          "private": "bnVsbA==",
          "dependencies": [
            "module.vm.libvirt_pool.vm"
          ]
        }
      ]
    },
    {
      "module": "module.vm",
      "mode": "managed",
      "type": "libvirt_volume",
      "name": "vm",
      "provider": "provider[\"registry.terraform.io/dmacvicar/libvirt\"].system",
      "instances": [
        {
          "index_key": 0,
          "schema_version": 0,
          "attributes": {
            "base_volume_id": "/opt/vms/terraform-swarm-lab-libvirt-pool-ubuntu/ubuntu-base",
            "base_volume_name": null,
            "base_volume_pool": null,
            "format": "qcow2",
            "id": "/opt/vms/terraform-swarm-lab-libvirt-pool-ubuntu/swarm-lab-0_volume.qcow2",
            "name": "swarm-lab-0_volume.qcow2",
            "pool": "swarm-lab_pool",
            "size": 107374182400,
            "source": null,
            "xml": []
          },
          "sensitive_attributes": [],
          "private": "bnVsbA==",
          "dependencies": [
            "module.vm.libvirt_pool.vm",
            "module.vm.libvirt_volume.base"
          ]
        },
        {
          "index_key": 1,
          "schema_version": 0,
          "attributes": {
            "base_volume_id": "/opt/vms/terraform-swarm-lab-libvirt-pool-ubuntu/ubuntu-base",
            "base_volume_name": null,
            "base_volume_pool": null,
            "format": "qcow2",
            "id": "/opt/vms/terraform-swarm-lab-libvirt-pool-ubuntu/swarm-lab-1_volume.qcow2",
            "name": "swarm-lab-1_volume.qcow2",
            "pool": "swarm-lab_pool",
            "size": 107374182400,
            "source": null,
            "xml": []
          },
          "sensitive_attributes": [],
          "private": "bnVsbA==",
          "dependencies": [
            "module.vm.libvirt_pool.vm",
            "module.vm.libvirt_volume.base"
          ]
        },
        {
          "index_key": 2,
          "schema_version": 0,
          "attributes": {
            "base_volume_id": "/opt/vms/terraform-swarm-lab-libvirt-pool-ubuntu/ubuntu-base",
            "base_volume_name": null,
            "base_volume_pool": null,
            "format": "qcow2",
            "id": "/opt/vms/terraform-swarm-lab-libvirt-pool-ubuntu/swarm-lab-2_volume.qcow2",
            "name": "swarm-lab-2_volume.qcow2",
            "pool": "swarm-lab_pool",
            "size": 107374182400,
            "source": null,
            "xml": []
          },
          "sensitive_attributes": [],
          "private": "bnVsbA==",
          "dependencies": [
            "module.vm.libvirt_pool.vm",
            "module.vm.libvirt_volume.base"
          ]
        },
        {
          "index_key": 3,
          "schema_version": 0,
          "attributes": {
            "base_volume_id": "/opt/vms/terraform-swarm-lab-libvirt-pool-ubuntu/ubuntu-base",
            "base_volume_name": null,
            "base_volume_pool": null,
            "format": "qcow2",
            "id": "/opt/vms/terraform-swarm-lab-libvirt-pool-ubuntu/swarm-lab-3_volume.qcow2",
            "name": "swarm-lab-3_volume.qcow2",
            "pool": "swarm-lab_pool",
            "size": 107374182400,
            "source": null,
            "xml": []
          },
          "sensitive_attributes": [],
          "private": "bnVsbA==",
          "dependencies": [
            "module.vm.libvirt_pool.vm",
            "module.vm.libvirt_volume.base"
          ]
        }
      ]
    },
    {
      "module": "module.vm",
      "mode": "managed",
      "type": "random_pet",
      "name": "vm_name",
      "provider": "provider[\"registry.terraform.io/hashicorp/random\"]",
      "instances": [
        {
          "schema_version": 0,
          "attributes": {
            "id": "pleasantly-clever-lionfish",
            "keepers": null,
            "length": 3,
            "prefix": null,
            "separator": "-"
          },
          "sensitive_attributes": []
        }
      ]
    },
    {
      "module": "module.vm",
      "mode": "managed",
      "type": "random_string",
      "name": "vm-name",
      "provider": "provider[\"registry.terraform.io/hashicorp/random\"]",
      "instances": [
        {
          "schema_version": 2,
          "attributes": {
            "id": "ldsrgt",
            "keepers": null,
            "length": 6,
            "lower": true,
            "min_lower": 0,
            "min_numeric": 0,
            "min_special": 0,
            "min_upper": 0,
            "number": false,
            "numeric": false,
            "override_special": null,
            "result": "ldsrgt",
            "special": false,
            "upper": false
          },
          "sensitive_attributes": []
        }
      ]
    }
  ],
  "check_results": null
}
